
Microsoft Visual Studio Solution File, Format Version 12.00
# Visual Studio Version 17
VisualStudioVersion = 17.8.34309.116
MinimumVisualStudioVersion = 10.0.40219.1
Project("{9A19103F-16F7-4668-BE54-9A1E7A4F7556}") = "FileManager", "FileManager.csproj", "{4BC81328-C796-42DD-B7B9-443CC60B51B8}"
EndProject
Project("{9A19103F-16F7-4668-BE54-9A1E7A4F7556}") = "FileManager.Desktop", "..\FileManager.Desktop\FileManager.Desktop.csproj", "{68F7CD76-A7A5-47B1-A7E0-DBA0A88BFFCF}"
EndProject
Global
	GlobalSection(SolutionConfigurationPlatforms) = preSolution
		Debug|Any CPU = Debug|Any CPU
		Release|Any CPU = Release|Any CPU
	EndGlobalSection
	GlobalSection(ProjectConfigurationPlatforms) = postSolution
		{4BC81328-C796-42DD-B7B9-443CC60B51B8}.Debug|Any CPU.ActiveCfg = Debug|Any CPU
		{4BC81328-C796-42DD-B7B9-443CC60B51B8}.Debug|Any CPU.Build.0 = Debug|Any CPU
		{4BC81328-C796-42DD-B7B9-443CC60B51B8}.Release|Any CPU.ActiveCfg = Release|Any CPU
		{4BC81328-C796-42DD-B7B9-443CC60B51B8}.Release|Any CPU.Build.0 = Release|Any CPU
		{68F7CD76-A7A5-47B1-A7E0-DBA0A88BFFCF}.Debug|Any CPU.ActiveCfg = Debug|Any CPU
		{68F7CD76-A7A5-47B1-A7E0-DBA0A88BFFCF}.Debug|Any CPU.Build.0 = Debug|Any CPU
		{68F7CD76-A7A5-47B1-A7E0-DBA0A88BFFCF}.Release|Any CPU.ActiveCfg = Release|Any CPU
		{68F7CD76-A7A5-47B1-A7E0-DBA0A88BFFCF}.Release|Any CPU.Build.0 = Release|Any CPU
	EndGlobalSection
	GlobalSection(SolutionProperties) = preSolution
		HideSolutionNode = FALSE
	EndGlobalSection
	GlobalSection(ExtensibilityGlobals) = postSolution
		SolutionGuid = {94432FB0-166F-4644-A0F6-ECD1FD0DC812}
	EndGlobalSection
EndGlobal
